
Microsoft Visual Studio Solution File, Format Version 12.00
# Visual Studio Version 17
VisualStudioVersion = 17.5.33516.290
MinimumVisualStudioVersion = 10.0.40219.1
Project("{FAE04EC0-301F-11D3-BF4B-00C04F79EFBC}") = "Math Graph Toolkit SixLabors", "Math Graph Toolkit SixLabors\Math Graph Toolkit SixLabors.csproj", "{5F1A926C-993D-462C-B4A4-DB07100A519B}"
EndProject
Global
	GlobalSection(SolutionConfigurationPlatforms) = preSolution
		Debug|Any CPU = Debug|Any CPU
		Release|Any CPU = Release|Any CPU
	EndGlobalSection
	GlobalSection(ProjectConfigurationPlatforms) = postSolution
		{5F1A926C-993D-462C-B4A4-DB07100A519B}.Debug|Any CPU.ActiveCfg = Debug|Any CPU
		{5F1A926C-993D-462C-B4A4-DB07100A519B}.Debug|Any CPU.Build.0 = Debug|Any CPU
		{5F1A926C-993D-462C-B4A4-DB07100A519B}.Release|Any CPU.ActiveCfg = Release|Any CPU
		{5F1A926C-993D-462C-B4A4-DB07100A519B}.Release|Any CPU.Build.0 = Release|Any CPU
	EndGlobalSection
	GlobalSection(SolutionProperties) = preSolution
		HideSolutionNode = FALSE
	EndGlobalSection
	GlobalSection(ExtensibilityGlobals) = postSolution
		SolutionGuid = {30218B07-CAFC-4926-AC84-8F7F6CFF015D}
	EndGlobalSection
EndGlobal
